
Microsoft Visual Studio Solution File, Format Version 12.00
# Visual Studio 15
VisualStudioVersion = 15.0.28307.271
MinimumVisualStudioVersion = 10.0.40219.1
Project("{FAE04EC0-301F-11D3-BF4B-00C04F79EFBC}") = "DIClient", "DI\DIClient.csproj", "{435E8C52-09BE-4F14-992A-DFA9DF8BF3B0}"
EndProject
Project("{FAE04EC0-301F-11D3-BF4B-00C04F79EFBC}") = "ConstructorInjection", "ConstructorInjection\ConstructorInjection.csproj", "{2948FC87-17E0-4146-8276-AB27461D4521}"
EndProject
Project("{2150E333-8FDC-42A3-9474-1A3956D46DE8}") = "SRP", "SRP", "{7BC6E9A8-063F-4637-80C5-DD6E8AD02EF9}"
EndProject
Project("{FAE04EC0-301F-11D3-BF4B-00C04F79EFBC}") = "WithOutSRP", "WithOutSRP\WithOutSRP.csproj", "{93B19127-17C3-415C-8A40-4326172F64A4}"
EndProject
Project("{FAE04EC0-301F-11D3-BF4B-00C04F79EFBC}") = "WithSRP", "WithSRP\WithSRP.csproj", "{A4C07830-8314-45B4-BFBA-05DEF1F2A944}"
EndProject
Project("{2150E333-8FDC-42A3-9474-1A3956D46DE8}") = "OCP", "OCP", "{DF883A8E-EFAE-4D93-9733-33BCA5DAD424}"
EndProject
Project("{FAE04EC0-301F-11D3-BF4B-00C04F79EFBC}") = "WithOutOCP", "WithOutOCP\WithOutOCP.csproj", "{5AB5BC8B-576C-44EA-B436-13C928883F17}"
EndProject
Project("{FAE04EC0-301F-11D3-BF4B-00C04F79EFBC}") = "WithOCP", "WithOCP\WithOCP.csproj", "{D038F68F-86BB-442B-9B9B-CD214C4EB2D2}"
EndProject
Project("{2150E333-8FDC-42A3-9474-1A3956D46DE8}") = "LSP", "LSP", "{42FEC523-120D-457C-91B3-AC4D7B7C3C3F}"
EndProject
Project("{FAE04EC0-301F-11D3-BF4B-00C04F79EFBC}") = "WithLSP", "WithLSP\WithLSP.csproj", "{38DBF36A-71B9-49E4-A44C-61B4585C629E}"
EndProject
Project("{FAE04EC0-301F-11D3-BF4B-00C04F79EFBC}") = "WithOutLSP", "WithOutLSP\WithOutLSP.csproj", "{B4C1D888-1ED6-4147-A49A-89C9580A05AE}"
EndProject
Project("{2150E333-8FDC-42A3-9474-1A3956D46DE8}") = "ISP", "ISP", "{A882C55E-FD6C-4C49-A1C2-203B83438709}"
EndProject
Project("{FAE04EC0-301F-11D3-BF4B-00C04F79EFBC}") = "WithISP", "WithOutISP\WithISP.csproj", "{F4E33470-9392-41F3-BC14-CE332A070B1C}"
EndProject
Project("{2150E333-8FDC-42A3-9474-1A3956D46DE8}") = "DI", "DI", "{521CD3E6-0D2E-4ED4-8A01-18A3DD1B7135}"
EndProject
Project("{FAE04EC0-301F-11D3-BF4B-00C04F79EFBC}") = "SetterInjection", "SetterInjection\SetterInjection.csproj", "{419AEF97-62CE-4962-9867-329D4F153AA7}"
EndProject
Project("{FAE04EC0-301F-11D3-BF4B-00C04F79EFBC}") = "MethodInjection", "MethodInjection\MethodInjection.csproj", "{0FF4334D-CCB2-4CF7-BCEA-48899DE9A15B}"
EndProject
Global
	GlobalSection(SolutionConfigurationPlatforms) = preSolution
		Debug|Any CPU = Debug|Any CPU
		Release|Any CPU = Release|Any CPU
	EndGlobalSection
	GlobalSection(ProjectConfigurationPlatforms) = postSolution
		{435E8C52-09BE-4F14-992A-DFA9DF8BF3B0}.Debug|Any CPU.ActiveCfg = Debug|Any CPU
		{435E8C52-09BE-4F14-992A-DFA9DF8BF3B0}.Debug|Any CPU.Build.0 = Debug|Any CPU
		{435E8C52-09BE-4F14-992A-DFA9DF8BF3B0}.Release|Any CPU.ActiveCfg = Release|Any CPU
		{435E8C52-09BE-4F14-992A-DFA9DF8BF3B0}.Release|Any CPU.Build.0 = Release|Any CPU
		{2948FC87-17E0-4146-8276-AB27461D4521}.Debug|Any CPU.ActiveCfg = Debug|Any CPU
		{2948FC87-17E0-4146-8276-AB27461D4521}.Debug|Any CPU.Build.0 = Debug|Any CPU
		{2948FC87-17E0-4146-8276-AB27461D4521}.Release|Any CPU.ActiveCfg = Release|Any CPU
		{2948FC87-17E0-4146-8276-AB27461D4521}.Release|Any CPU.Build.0 = Release|Any CPU
		{93B19127-17C3-415C-8A40-4326172F64A4}.Debug|Any CPU.ActiveCfg = Debug|Any CPU
		{93B19127-17C3-415C-8A40-4326172F64A4}.Debug|Any CPU.Build.0 = Debug|Any CPU
		{93B19127-17C3-415C-8A40-4326172F64A4}.Release|Any CPU.ActiveCfg = Release|Any CPU
		{93B19127-17C3-415C-8A40-4326172F64A4}.Release|Any CPU.Build.0 = Release|Any CPU
		{A4C07830-8314-45B4-BFBA-05DEF1F2A944}.Debug|Any CPU.ActiveCfg = Debug|Any CPU
		{A4C07830-8314-45B4-BFBA-05DEF1F2A944}.Debug|Any CPU.Build.0 = Debug|Any CPU
		{A4C07830-8314-45B4-BFBA-05DEF1F2A944}.Release|Any CPU.ActiveCfg = Release|Any CPU
		{A4C07830-8314-45B4-BFBA-05DEF1F2A944}.Release|Any CPU.Build.0 = Release|Any CPU
		{5AB5BC8B-576C-44EA-B436-13C928883F17}.Debug|Any CPU.ActiveCfg = Debug|Any CPU
		{5AB5BC8B-576C-44EA-B436-13C928883F17}.Debug|Any CPU.Build.0 = Debug|Any CPU
		{5AB5BC8B-576C-44EA-B436-13C928883F17}.Release|Any CPU.ActiveCfg = Release|Any CPU
		{5AB5BC8B-576C-44EA-B436-13C928883F17}.Release|Any CPU.Build.0 = Release|Any CPU
		{D038F68F-86BB-442B-9B9B-CD214C4EB2D2}.Debug|Any CPU.ActiveCfg = Debug|Any CPU
		{D038F68F-86BB-442B-9B9B-CD214C4EB2D2}.Debug|Any CPU.Build.0 = Debug|Any CPU
		{D038F68F-86BB-442B-9B9B-CD214C4EB2D2}.Release|Any CPU.ActiveCfg = Release|Any CPU
		{D038F68F-86BB-442B-9B9B-CD214C4EB2D2}.Release|Any CPU.Build.0 = Release|Any CPU
		{38DBF36A-71B9-49E4-A44C-61B4585C629E}.Debug|Any CPU.ActiveCfg = Debug|Any CPU
		{38DBF36A-71B9-49E4-A44C-61B4585C629E}.Debug|Any CPU.Build.0 = Debug|Any CPU
		{38DBF36A-71B9-49E4-A44C-61B4585C629E}.Release|Any CPU.ActiveCfg = Release|Any CPU
		{38DBF36A-71B9-49E4-A44C-61B4585C629E}.Release|Any CPU.Build.0 = Release|Any CPU
		{B4C1D888-1ED6-4147-A49A-89C9580A05AE}.Debug|Any CPU.ActiveCfg = Debug|Any CPU
		{B4C1D888-1ED6-4147-A49A-89C9580A05AE}.Debug|Any CPU.Build.0 = Debug|Any CPU
		{B4C1D888-1ED6-4147-A49A-89C9580A05AE}.Release|Any CPU.ActiveCfg = Release|Any CPU
		{B4C1D888-1ED6-4147-A49A-89C9580A05AE}.Release|Any CPU.Build.0 = Release|Any CPU
		{F4E33470-9392-41F3-BC14-CE332A070B1C}.Debug|Any CPU.ActiveCfg = Debug|Any CPU
		{F4E33470-9392-41F3-BC14-CE332A070B1C}.Debug|Any CPU.Build.0 = Debug|Any CPU
		{F4E33470-9392-41F3-BC14-CE332A070B1C}.Release|Any CPU.ActiveCfg = Release|Any CPU
		{F4E33470-9392-41F3-BC14-CE332A070B1C}.Release|Any CPU.Build.0 = Release|Any CPU
		{419AEF97-62CE-4962-9867-329D4F153AA7}.Debug|Any CPU.ActiveCfg = Debug|Any CPU
		{419AEF97-62CE-4962-9867-329D4F153AA7}.Debug|Any CPU.Build.0 = Debug|Any CPU
		{419AEF97-62CE-4962-9867-329D4F153AA7}.Release|Any CPU.ActiveCfg = Release|Any CPU
		{419AEF97-62CE-4962-9867-329D4F153AA7}.Release|Any CPU.Build.0 = Release|Any CPU
		{0FF4334D-CCB2-4CF7-BCEA-48899DE9A15B}.Debug|Any CPU.ActiveCfg = Debug|Any CPU
		{0FF4334D-CCB2-4CF7-BCEA-48899DE9A15B}.Debug|Any CPU.Build.0 = Debug|Any CPU
		{0FF4334D-CCB2-4CF7-BCEA-48899DE9A15B}.Release|Any CPU.ActiveCfg = Release|Any CPU
		{0FF4334D-CCB2-4CF7-BCEA-48899DE9A15B}.Release|Any CPU.Build.0 = Release|Any CPU
	EndGlobalSection
	GlobalSection(SolutionProperties) = preSolution
		HideSolutionNode = FALSE
	EndGlobalSection
	GlobalSection(NestedProjects) = preSolution
		{2948FC87-17E0-4146-8276-AB27461D4521} = {521CD3E6-0D2E-4ED4-8A01-18A3DD1B7135}
		{93B19127-17C3-415C-8A40-4326172F64A4} = {7BC6E9A8-063F-4637-80C5-DD6E8AD02EF9}
		{A4C07830-8314-45B4-BFBA-05DEF1F2A944} = {7BC6E9A8-063F-4637-80C5-DD6E8AD02EF9}
		{5AB5BC8B-576C-44EA-B436-13C928883F17} = {DF883A8E-EFAE-4D93-9733-33BCA5DAD424}
		{D038F68F-86BB-442B-9B9B-CD214C4EB2D2} = {DF883A8E-EFAE-4D93-9733-33BCA5DAD424}
		{38DBF36A-71B9-49E4-A44C-61B4585C629E} = {42FEC523-120D-457C-91B3-AC4D7B7C3C3F}
		{B4C1D888-1ED6-4147-A49A-89C9580A05AE} = {42FEC523-120D-457C-91B3-AC4D7B7C3C3F}
		{F4E33470-9392-41F3-BC14-CE332A070B1C} = {A882C55E-FD6C-4C49-A1C2-203B83438709}
		{419AEF97-62CE-4962-9867-329D4F153AA7} = {521CD3E6-0D2E-4ED4-8A01-18A3DD1B7135}
		{0FF4334D-CCB2-4CF7-BCEA-48899DE9A15B} = {521CD3E6-0D2E-4ED4-8A01-18A3DD1B7135}
	EndGlobalSection
	GlobalSection(ExtensibilityGlobals) = postSolution
		SolutionGuid = {38D2B554-1F1C-4A22-A9D3-CA173101123B}
	EndGlobalSection
EndGlobal
